<?xml version="1.0" encoding="utf-8"?>
<Project ToolsVersion="4.0" xmlns="http://schemas.microsoft.com/developer/msbuild/2003">
  <ItemGroup>
    <Filter Include="Template Files">
      <UniqueIdentifier>{c93dbff4-d7ed-4467-a7aa-ad9a48fc0f67}</UniqueIdentifier>
      <Extensions>txt</Extensions>
    </Filter>
    <Filter Include="HTML Files">
      <UniqueIdentifier>{fdbc8002-03ec-40c6-b32a-1794fb259aca}</UniqueIdentifier>
      <Extensions>htm</Extensions>
    </Filter>
    <Filter Include="Image Files">
      <UniqueIdentifier>{c8b3d4ad-0950-49ea-97db-2583f4d28387}</UniqueIdentifier>
      <Extensions>bmp</Extensions>
    </Filter>
    <Filter Include="Script Files">
      <UniqueIdentifier>{0c72e0a0-450e-463f-9d08-8a6c3cb9e49e}</UniqueIdentifier>
      <Extensions>js</Extensions>
    </Filter>
    <Filter Include="Miscellaneous Files">
      <UniqueIdentifier>{26e9fa1e-a441-4bd6-990d-3bd31d177e49}</UniqueIdentifier>
      <Extensions>vsz;vsdir;ico;vcxproj;csproj;css;inf</Extensions>
    </Filter>
  </ItemGroup>
  <ItemGroup>
    <None Include="Templates\1033\ReadMe.txt">
      <Filter>Template Files</Filter>
    </None>
    <None Include="Templates\1033\Templates.inf">
      <Filter>Miscellaneous Files</Filter>
    </None>
    <None Include="AxelynxApp.vsz">
      <Filter>Miscellaneous Files</Filter>
    </None>
    <None Include="Scripts\1033\default.js">
      <Filter>Script Files</Filter>
    </None>
    <None Include="default.vcxproj">
      <Filter>Miscellaneous Files</Filter>
    </None>
    <None Include="AxelynxApp.vsdir">
      <Filter>Miscellaneous Files</Filter>
    </None>
    <None Include="AxelynxApp.ico">
      <Filter>Miscellaneous Files</Filter>
    </None>
    <None Include="HTML\1033\default.htm">
      <Filter>HTML Files</Filter>
    </None>
    <None Include="Templates\1033\Sample.txt">
      <Filter>Template Files</Filter>
    </None>
    <None Include="Images\AxelynxApp.gif" />
    <None Include="Images\AxelynxApp_Background.gif" />
    <None Include="1033\NewStyles.css">
      <Filter>Miscellaneous Files</Filter>
    </None>
    <None Include="1033\Images\DottedHori.gif" />
    <None Include="1033\Images\DottedVert.gif" />
    <None Include="1033\Images\spacer.gif" />
  </ItemGroup>
  <ItemGroup>
    <ClCompile Include="Templates\1033\main.cpp">
      <Filter>Template Files</Filter>
    </ClCompile>
    <ClCompile Include="Templates\1033\stdafx.cpp">
      <Filter>Template Files</Filter>
    </ClCompile>
  </ItemGroup>
  <ItemGroup>
    <ClInclude Include="Templates\1033\stdafx.h">
      <Filter>Template Files</Filter>
    </ClInclude>
  </ItemGroup>
</Project>